
Microsoft Visual Studio Solution File, Format Version 12.00
# Visual Studio Version 16
VisualStudioVersion = 16.0.31205.134
MinimumVisualStudioVersion = 10.0.40219.1
Project("{FAE04EC0-301F-11D3-BF4B-00C04F79EFBC}") = "DatingApp", "DatingApp.csproj", "{E086446E-BFA2-426A-8416-BB8A19FD990A}"
EndProject
Global
	GlobalSection(SolutionConfigurationPlatforms) = preSolution
		Debug|Any CPU = Debug|Any CPU
		Release|Any CPU = Release|Any CPU
	EndGlobalSection
	GlobalSection(ProjectConfigurationPlatforms) = postSolution
		{E086446E-BFA2-426A-8416-BB8A19FD990A}.Debug|Any CPU.ActiveCfg = Debug|Any CPU
		{E086446E-BFA2-426A-8416-BB8A19FD990A}.Debug|Any CPU.Build.0 = Debug|Any CPU
		{E086446E-BFA2-426A-8416-BB8A19FD990A}.Release|Any CPU.ActiveCfg = Release|Any CPU
		{E086446E-BFA2-426A-8416-BB8A19FD990A}.Release|Any CPU.Build.0 = Release|Any CPU
	EndGlobalSection
	GlobalSection(SolutionProperties) = preSolution
		HideSolutionNode = FALSE
	EndGlobalSection
	GlobalSection(ExtensibilityGlobals) = postSolution
		SolutionGuid = {91BCC14C-F066-41A1-945F-E2E91A77128B}
	EndGlobalSection
EndGlobal
